
Microsoft Visual Studio Solution File, Format Version 12.00
# Visual Studio Version 16
VisualStudioVersion = 16.0.30804.86
MinimumVisualStudioVersion = 10.0.40219.1
Project("{FAE04EC0-301F-11D3-BF4B-00C04F79EFBC}") = "TeamPanelStart", "TeamPanelStart.csproj", "{66FEF020-B643-4CE9-844C-0D7F38090364}"
EndProject
Global
	GlobalSection(SolutionConfigurationPlatforms) = preSolution
		Debug|Any CPU = Debug|Any CPU
		Release|Any CPU = Release|Any CPU
	EndGlobalSection
	GlobalSection(ProjectConfigurationPlatforms) = postSolution
		{66FEF020-B643-4CE9-844C-0D7F38090364}.Debug|Any CPU.ActiveCfg = Debug|Any CPU
		{66FEF020-B643-4CE9-844C-0D7F38090364}.Debug|Any CPU.Build.0 = Debug|Any CPU
		{66FEF020-B643-4CE9-844C-0D7F38090364}.Release|Any CPU.ActiveCfg = Release|Any CPU
		{66FEF020-B643-4CE9-844C-0D7F38090364}.Release|Any CPU.Build.0 = Release|Any CPU
	EndGlobalSection
	GlobalSection(SolutionProperties) = preSolution
		HideSolutionNode = FALSE
	EndGlobalSection
	GlobalSection(ExtensibilityGlobals) = postSolution
		SolutionGuid = {B1A24A69-39EF-4A22-A777-4821B2B2AB62}
	EndGlobalSection
EndGlobal
